// !$*UTF8*$!
{
	archiveVersion = 1;
	classes = {
	};
	objectVersion = 56;
	objects = {

/* Begin PBXBuildFile section */
		343810AB2A508AA400B4F64F /* ProfileCell.swift in Sources */ = {isa = PBXBuildFile; fileRef = 343810AA2A508AA400B4F64F /* ProfileCell.swift */; };
		343810AD2A509D5D00B4F64F /* ProfileInfoItem.swift in Sources */ = {isa = PBXBuildFile; fileRef = 343810AC2A509D5D00B4F64F /* ProfileInfoItem.swift */; };
		34923D602A4C8C2600E1DB0E /* TabBar.swift in Sources */ = {isa = PBXBuildFile; fileRef = 34923D5F2A4C8C2600E1DB0E /* TabBar.swift */; };
		34FC1E532A4C811300FD627B /* AppDelegate.swift in Sources */ = {isa = PBXBuildFile; fileRef = 34FC1E522A4C811300FD627B /* AppDelegate.swift */; };
		34FC1E552A4C811300FD627B /* SceneDelegate.swift in Sources */ = {isa = PBXBuildFile; fileRef = 34FC1E542A4C811300FD627B /* SceneDelegate.swift */; };
		34FC1E572A4C811300FD627B /* HomeViewController.swift in Sources */ = {isa = PBXBuildFile; fileRef = 34FC1E562A4C811300FD627B /* HomeViewController.swift */; };
		34FC1E5C2A4C811500FD627B /* Assets.xcassets in Resources */ = {isa = PBXBuildFile; fileRef = 34FC1E5B2A4C811500FD627B /* Assets.xcassets */; };
		34FC1E5F2A4C811500FD627B /* LaunchScreen.storyboard in Resources */ = {isa = PBXBuildFile; fileRef = 34FC1E5D2A4C811500FD627B /* LaunchScreen.storyboard */; };
		B85A57F12A5099A60052B72A /* MetricItem.swift in Sources */ = {isa = PBXBuildFile; fileRef = B85A57F02A5099A60052B72A /* MetricItem.swift */; };
		B87AF80B2A4C93A100B2582B /* SearchViewController.swift in Sources */ = {isa = PBXBuildFile; fileRef = B87AF80A2A4C93A100B2582B /* SearchViewController.swift */; };
		B87AF80D2A4C93B700B2582B /* ProfileViewController.swift in Sources */ = {isa = PBXBuildFile; fileRef = B87AF80C2A4C93B700B2582B /* ProfileViewController.swift */; };
		B87AF80F2A4C98F400B2582B /* MetricsCell.swift in Sources */ = {isa = PBXBuildFile; fileRef = B87AF80E2A4C98F400B2582B /* MetricsCell.swift */; };
/* End PBXBuildFile section */

/* Begin PBXFileReference section */
		343810AA2A508AA400B4F64F /* ProfileCell.swift */ = {isa = PBXFileReference; lastKnownFileType = sourcecode.swift; path = ProfileCell.swift; sourceTree = "<group>"; };
		343810AC2A509D5D00B4F64F /* ProfileInfoItem.swift */ = {isa = PBXFileReference; lastKnownFileType = sourcecode.swift; path = ProfileInfoItem.swift; sourceTree = "<group>"; };
		34923D5F2A4C8C2600E1DB0E /* TabBar.swift */ = {isa = PBXFileReference; lastKnownFileType = sourcecode.swift; path = TabBar.swift; sourceTree = "<group>"; };
		34FC1E4F2A4C811300FD627B /* FitApp.app */ = {isa = PBXFileReference; explicitFileType = wrapper.application; includeInIndex = 0; path = FitApp.app; sourceTree = BUILT_PRODUCTS_DIR; };
		34FC1E522A4C811300FD627B /* AppDelegate.swift */ = {isa = PBXFileReference; lastKnownFileType = sourcecode.swift; path = AppDelegate.swift; sourceTree = "<group>"; };
		34FC1E542A4C811300FD627B /* SceneDelegate.swift */ = {isa = PBXFileReference; lastKnownFileType = sourcecode.swift; path = SceneDelegate.swift; sourceTree = "<group>"; };
		34FC1E562A4C811300FD627B /* HomeViewController.swift */ = {isa = PBXFileReference; lastKnownFileType = sourcecode.swift; path = HomeViewController.swift; sourceTree = "<group>"; };
		34FC1E5B2A4C811500FD627B /* Assets.xcassets */ = {isa = PBXFileReference; lastKnownFileType = folder.assetcatalog; path = Assets.xcassets; sourceTree = "<group>"; };
		34FC1E5E2A4C811500FD627B /* Base */ = {isa = PBXFileReference; lastKnownFileType = file.storyboard; name = Base; path = Base.lproj/LaunchScreen.storyboard; sourceTree = "<group>"; };
		34FC1E602A4C811500FD627B /* Info.plist */ = {isa = PBXFileReference; lastKnownFileType = text.plist.xml; path = Info.plist; sourceTree = "<group>"; };
		B85A57F02A5099A60052B72A /* MetricItem.swift */ = {isa = PBXFileReference; lastKnownFileType = sourcecode.swift; path = MetricItem.swift; sourceTree = "<group>"; };
		B87AF80A2A4C93A100B2582B /* SearchViewController.swift */ = {isa = PBXFileReference; lastKnownFileType = sourcecode.swift; path = SearchViewController.swift; sourceTree = "<group>"; };
		B87AF80C2A4C93B700B2582B /* ProfileViewController.swift */ = {isa = PBXFileReference; lastKnownFileType = sourcecode.swift; path = ProfileViewController.swift; sourceTree = "<group>"; };
		B87AF80E2A4C98F400B2582B /* MetricsCell.swift */ = {isa = PBXFileReference; lastKnownFileType = sourcecode.swift; path = MetricsCell.swift; sourceTree = "<group>"; };
/* End PBXFileReference section */

/* Begin PBXFrameworksBuildPhase section */
		34FC1E4C2A4C811300FD627B /* Frameworks */ = {
			isa = PBXFrameworksBuildPhase;
			buildActionMask = 2147483647;
			files = (
			);
			runOnlyForDeploymentPostprocessing = 0;
		};
/* End PBXFrameworksBuildPhase section */

/* Begin PBXGroup section */
		34FC1E462A4C811300FD627B = {
			isa = PBXGroup;
			children = (
				34FC1E512A4C811300FD627B /* FitApp */,
				34FC1E502A4C811300FD627B /* Products */,
			);
			sourceTree = "<group>";
		};
		34FC1E502A4C811300FD627B /* Products */ = {
			isa = PBXGroup;
			children = (
				34FC1E4F2A4C811300FD627B /* FitApp.app */,
			);
			name = Products;
			sourceTree = "<group>";
		};
		34FC1E512A4C811300FD627B /* FitApp */ = {
			isa = PBXGroup;
			children = (
				B87AF8092A4C935700B2582B /* Controllers */,
				B87AF8072A4C931700B2582B /* Model */,
				34FC1E522A4C811300FD627B /* AppDelegate.swift */,
				34FC1E542A4C811300FD627B /* SceneDelegate.swift */,
				B87AF8062A4C930D00B2582B /* View */,
				34FC1E5B2A4C811500FD627B /* Assets.xcassets */,
				34FC1E5D2A4C811500FD627B /* LaunchScreen.storyboard */,
				34FC1E602A4C811500FD627B /* Info.plist */,
			);
			path = FitApp;
			sourceTree = "<group>";
		};
		B87AF8062A4C930D00B2582B /* View */ = {
			isa = PBXGroup;
			children = (
				B87AF80E2A4C98F400B2582B /* MetricsCell.swift */,
				343810AA2A508AA400B4F64F /* ProfileCell.swift */,
			);
			path = View;
			sourceTree = "<group>";
		};
		B87AF8072A4C931700B2582B /* Model */ = {
			isa = PBXGroup;
			children = (
				B85A57F02A5099A60052B72A /* MetricItem.swift */,
				343810AC2A509D5D00B4F64F /* ProfileInfoItem.swift */,
			);
			path = Model;
			sourceTree = "<group>";
		};
		B87AF8092A4C935700B2582B /* Controllers */ = {
			isa = PBXGroup;
			children = (
				34923D5F2A4C8C2600E1DB0E /* TabBar.swift */,
				B87AF80A2A4C93A100B2582B /* SearchViewController.swift */,
				34FC1E562A4C811300FD627B /* HomeViewController.swift */,
				B87AF80C2A4C93B700B2582B /* ProfileViewController.swift */,
			);
			path = Controllers;
			sourceTree = "<group>";
		};
/* End PBXGroup section */

/* Begin PBXNativeTarget section */
		34FC1E4E2A4C811300FD627B /* FitApp */ = {
			isa = PBXNativeTarget;
			buildConfigurationList = 34FC1E632A4C811500FD627B /* Build configuration list for PBXNativeTarget "FitApp" */;
			buildPhases = (
				34FC1E4B2A4C811300FD627B /* Sources */,
				34FC1E4C2A4C811300FD627B /* Frameworks */,
				34FC1E4D2A4C811300FD627B /* Resources */,
			);
			buildRules = (
			);
			dependencies = (
			);
			name = FitApp;
			productName = FitApp;
			productReference = 34FC1E4F2A4C811300FD627B /* FitApp.app */;
			productType = "com.apple.product-type.application";
		};
/* End PBXNativeTarget section */

/* Begin PBXProject section */
		34FC1E472A4C811300FD627B /* Project object */ = {
			isa = PBXProject;
			attributes = {
				BuildIndependentTargetsInParallel = 1;
				LastSwiftUpdateCheck = 1420;
				LastUpgradeCheck = 1420;
				TargetAttributes = {
					34FC1E4E2A4C811300FD627B = {
						CreatedOnToolsVersion = 14.2;
					};
				};
			};
			buildConfigurationList = 34FC1E4A2A4C811300FD627B /* Build configuration list for PBXProject "FitApp" */;
			compatibilityVersion = "Xcode 14.0";
			developmentRegion = en;
			hasScannedForEncodings = 0;
			knownRegions = (
				en,
				Base,
			);
			mainGroup = 34FC1E462A4C811300FD627B;
			productRefGroup = 34FC1E502A4C811300FD627B /* Products */;
			projectDirPath = "";
			projectRoot = "";
			targets = (
				34FC1E4E2A4C811300FD627B /* FitApp */,
			);
		};
/* End PBXProject section */

/* Begin PBXResourcesBuildPhase section */
		34FC1E4D2A4C811300FD627B /* Resources */ = {
			isa = PBXResourcesBuildPhase;
			buildActionMask = 2147483647;
			files = (
				34FC1E5F2A4C811500FD627B /* LaunchScreen.storyboard in Resources */,
				34FC1E5C2A4C811500FD627B /* Assets.xcassets in Resources */,
			);
			runOnlyForDeploymentPostprocessing = 0;
		};
/* End PBXResourcesBuildPhase section */

/* Begin PBXSourcesBuildPhase section */
		34FC1E4B2A4C811300FD627B /* Sources */ = {
			isa = PBXSourcesBuildPhase;
			buildActionMask = 2147483647;
			files = (
				343810AD2A509D5D00B4F64F /* ProfileInfoItem.swift in Sources */,
				B87AF80F2A4C98F400B2582B /* MetricsCell.swift in Sources */,
				B87AF80D2A4C93B700B2582B /* ProfileViewController.swift in Sources */,
				B87AF80B2A4C93A100B2582B /* SearchViewController.swift in Sources */,
				34FC1E572A4C811300FD627B /* HomeViewController.swift in Sources */,
				34FC1E532A4C811300FD627B /* AppDelegate.swift in Sources */,
				343810AB2A508AA400B4F64F /* ProfileCell.swift in Sources */,
				B85A57F12A5099A60052B72A /* MetricItem.swift in Sources */,
				34FC1E552A4C811300FD627B /* SceneDelegate.swift in Sources */,
				34923D602A4C8C2600E1DB0E /* TabBar.swift in Sources */,
			);
			runOnlyForDeploymentPostprocessing = 0;
		};
/* End PBXSourcesBuildPhase section */

/* Begin PBXVariantGroup section */
		34FC1E5D2A4C811500FD627B /* LaunchScreen.storyboard */ = {
			isa = PBXVariantGroup;
			children = (
				34FC1E5E2A4C811500FD627B /* Base */,
			);
			name = LaunchScreen.storyboard;
			sourceTree = "<group>";
		};
/* End PBXVariantGroup section */

/* Begin XCBuildConfiguration section */
		34FC1E612A4C811500FD627B /* Debug */ = {
			isa = XCBuildConfiguration;
			buildSettings = {
				ALWAYS_SEARCH_USER_PATHS = NO;
				CLANG_ANALYZER_NONNULL = YES;
				CLANG_ANALYZER_NUMBER_OBJECT_CONVERSION = YES_AGGRESSIVE;
				CLANG_CXX_LANGUAGE_STANDARD = "gnu++20";
				CLANG_ENABLE_MODULES = YES;
				CLANG_ENABLE_OBJC_ARC = YES;
				CLANG_ENABLE_OBJC_WEAK = YES;
				CLANG_WARN_BLOCK_CAPTURE_AUTORELEASING = YES;
				CLANG_WARN_BOOL_CONVERSION = YES;
				CLANG_WARN_COMMA = YES;
				CLANG_WARN_CONSTANT_CONVERSION = YES;
				CLANG_WARN_DEPRECATED_OBJC_IMPLEMENTATIONS = YES;
				CLANG_WARN_DIRECT_OBJC_ISA_USAGE = YES_ERROR;
				CLANG_WARN_DOCUMENTATION_COMMENTS = YES;
				CLANG_WARN_EMPTY_BODY = YES;
				CLANG_WARN_ENUM_CONVERSION = YES;
				CLANG_WARN_INFINITE_RECURSION = YES;
				CLANG_WARN_INT_CONVERSION = YES;
				CLANG_WARN_NON_LITERAL_NULL_CONVERSION = YES;
				CLANG_WARN_OBJC_IMPLICIT_RETAIN_SELF = YES;
				CLANG_WARN_OBJC_LITERAL_CONVERSION = YES;
				CLANG_WARN_OBJC_ROOT_CLASS = YES_ERROR;
				CLANG_WARN_QUOTED_INCLUDE_IN_FRAMEWORK_HEADER = YES;
				CLANG_WARN_RANGE_LOOP_ANALYSIS = YES;
				CLANG_WARN_STRICT_PROTOTYPES = YES;
				CLANG_WARN_SUSPICIOUS_MOVE = YES;
				CLANG_WARN_UNGUARDED_AVAILABILITY = YES_AGGRESSIVE;
				CLANG_WARN_UNREACHABLE_CODE = YES;
				CLANG_WARN__DUPLICATE_METHOD_MATCH = YES;
				COPY_PHASE_STRIP = NO;
				DEBUG_INFORMATION_FORMAT = dwarf;
				ENABLE_STRICT_OBJC_MSGSEND = YES;
				ENABLE_TESTABILITY = YES;
				GCC_C_LANGUAGE_STANDARD = gnu11;
				GCC_DYNAMIC_NO_PIC = NO;
				GCC_NO_COMMON_BLOCKS = YES;
				GCC_OPTIMIZATION_LEVEL = 0;
				GCC_PREPROCESSOR_DEFINITIONS = (
					"DEBUG=1",
					"$(inherited)",
				);
				GCC_WARN_64_TO_32_BIT_CONVERSION = YES;
				GCC_WARN_ABOUT_RETURN_TYPE = YES_ERROR;
				GCC_WARN_UNDECLARED_SELECTOR = YES;
				GCC_WARN_UNINITIALIZED_AUTOS = YES_AGGRESSIVE;
				GCC_WARN_UNUSED_FUNCTION = YES;
				GCC_WARN_UNUSED_VARIABLE = YES;
				IPHONEOS_DEPLOYMENT_TARGET = 16.2;
				MTL_ENABLE_DEBUG_INFO = INCLUDE_SOURCE;
				MTL_FAST_MATH = YES;
				ONLY_ACTIVE_ARCH = YES;
				SDKROOT = iphoneos;
				SWIFT_ACTIVE_COMPILATION_CONDITIONS = DEBUG;
				SWIFT_OPTIMIZATION_LEVEL = "-Onone";
			};
			name = Debug;
		};
		34FC1E622A4C811500FD627B /* Release */ = {
			isa = XCBuildConfiguration;
			buildSettings = {
				ALWAYS_SEARCH_USER_PATHS = NO;
				CLANG_ANALYZER_NONNULL = YES;
				CLANG_ANALYZER_NUMBER_OBJECT_CONVERSION = YES_AGGRESSIVE;
				CLANG_CXX_LANGUAGE_STANDARD = "gnu++20";
				CLANG_ENABLE_MODULES = YES;
				CLANG_ENABLE_OBJC_ARC = YES;
				CLANG_ENABLE_OBJC_WEAK = YES;
				CLANG_WARN_BLOCK_CAPTURE_AUTORELEASING = YES;
				CLANG_WARN_BOOL_CONVERSION = YES;
				CLANG_WARN_COMMA = YES;
				CLANG_WARN_CONSTANT_CONVERSION = YES;
				CLANG_WARN_DEPRECATED_OBJC_IMPLEMENTATIONS = YES;
				CLANG_WARN_DIRECT_OBJC_ISA_USAGE = YES_ERROR;
				CLANG_WARN_DOCUMENTATION_COMMENTS = YES;
				CLANG_WARN_EMPTY_BODY = YES;
				CLANG_WARN_ENUM_CONVERSION = YES;
				CLANG_WARN_INFINITE_RECURSION = YES;
				CLANG_WARN_INT_CONVERSION = YES;
				CLANG_WARN_NON_LITERAL_NULL_CONVERSION = YES;
				CLANG_WARN_OBJC_IMPLICIT_RETAIN_SELF = YES;
				CLANG_WARN_OBJC_LITERAL_CONVERSION = YES;
				CLANG_WARN_OBJC_ROOT_CLASS = YES_ERROR;
				CLANG_WARN_QUOTED_INCLUDE_IN_FRAMEWORK_HEADER = YES;
				CLANG_WARN_RANGE_LOOP_ANALYSIS = YES;
				CLANG_WARN_STRICT_PROTOTYPES = YES;
				CLANG_WARN_SUSPICIOUS_MOVE = YES;
				CLANG_WARN_UNGUARDED_AVAILABILITY = YES_AGGRESSIVE;
				CLANG_WARN_UNREACHABLE_CODE = YES;
				CLANG_WARN__DUPLICATE_METHOD_MATCH = YES;
				COPY_PHASE_STRIP = NO;
				DEBUG_INFORMATION_FORMAT = "dwarf-with-dsym";
				ENABLE_NS_ASSERTIONS = NO;
				ENABLE_STRICT_OBJC_MSGSEND = YES;
				GCC_C_LANGUAGE_STANDARD = gnu11;
				GCC_NO_COMMON_BLOCKS = YES;
				GCC_WARN_64_TO_32_BIT_CONVERSION = YES;
				GCC_WARN_ABOUT_RETURN_TYPE = YES_ERROR;
				GCC_WARN_UNDECLARED_SELECTOR = YES;
				GCC_WARN_UNINITIALIZED_AUTOS = YES_AGGRESSIVE;
				GCC_WARN_UNUSED_FUNCTION = YES;
				GCC_WARN_UNUSED_VARIABLE = YES;
				IPHONEOS_DEPLOYMENT_TARGET = 16.2;
				MTL_ENABLE_DEBUG_INFO = NO;
				MTL_FAST_MATH = YES;
				SDKROOT = iphoneos;
				SWIFT_COMPILATION_MODE = wholemodule;
				SWIFT_OPTIMIZATION_LEVEL = "-O";
				VALIDATE_PRODUCT = YES;
			};
			name = Release;
		};
		34FC1E642A4C811500FD627B /* Debug */ = {
			isa = XCBuildConfiguration;
			buildSettings = {
				ASSETCATALOG_COMPILER_APPICON_NAME = AppIcon;
				ASSETCATALOG_COMPILER_GLOBAL_ACCENT_COLOR_NAME = AccentColor;
				CODE_SIGN_STYLE = Automatic;
				CURRENT_PROJECT_VERSION = 1;
				DEVELOPMENT_TEAM = B9QUW9Z84N;
				GENERATE_INFOPLIST_FILE = YES;
				INFOPLIST_FILE = FitApp/Info.plist;
				INFOPLIST_KEY_UIApplicationSupportsIndirectInputEvents = YES;
				INFOPLIST_KEY_UILaunchStoryboardName = LaunchScreen;
				INFOPLIST_KEY_UISupportedInterfaceOrientations_iPad = "UIInterfaceOrientationPortrait UIInterfaceOrientationPortraitUpsideDown UIInterfaceOrientationLandscapeLeft UIInterfaceOrientationLandscapeRight";
				INFOPLIST_KEY_UISupportedInterfaceOrientations_iPhone = "UIInterfaceOrientationPortrait UIInterfaceOrientationLandscapeLeft UIInterfaceOrientationLandscapeRight";
				IPHONEOS_DEPLOYMENT_TARGET = 15.0;
				LD_RUNPATH_SEARCH_PATHS = (
					"$(inherited)",
					"@executable_path/Frameworks",
				);
				MARKETING_VERSION = 1.0;
				PRODUCT_BUNDLE_IDENTIFIER = daulet.FitApp;
				PRODUCT_NAME = "$(TARGET_NAME)";
				SWIFT_EMIT_LOC_STRINGS = YES;
				SWIFT_VERSION = 5.0;
				TARGETED_DEVICE_FAMILY = "1,2";
			};
			name = Debug;
		};
		34FC1E652A4C811500FD627B /* Release */ = {
			isa = XCBuildConfiguration;
			buildSettings = {
				ASSETCATALOG_COMPILER_APPICON_NAME = AppIcon;
				ASSETCATALOG_COMPILER_GLOBAL_ACCENT_COLOR_NAME = AccentColor;
				CODE_SIGN_STYLE = Automatic;
				CURRENT_PROJECT_VERSION = 1;
				DEVELOPMENT_TEAM = B9QUW9Z84N;
				GENERATE_INFOPLIST_FILE = YES;
				INFOPLIST_FILE = FitApp/Info.plist;
				INFOPLIST_KEY_UIApplicationSupportsIndirectInputEvents = YES;
				INFOPLIST_KEY_UILaunchStoryboardName = LaunchScreen;
				INFOPLIST_KEY_UISupportedInterfaceOrientations_iPad = "UIInterfaceOrientationPortrait UIInterfaceOrientationPortraitUpsideDown UIInterfaceOrientationLandscapeLeft UIInterfaceOrientationLandscapeRight";
				INFOPLIST_KEY_UISupportedInterfaceOrientations_iPhone = "UIInterfaceOrientationPortrait UIInterfaceOrientationLandscapeLeft UIInterfaceOrientationLandscapeRight";
				IPHONEOS_DEPLOYMENT_TARGET = 15.0;
				LD_RUNPATH_SEARCH_PATHS = (
					"$(inherited)",
					"@executable_path/Frameworks",
				);
				MARKETING_VERSION = 1.0;
				PRODUCT_BUNDLE_IDENTIFIER = daulet.FitApp;
				PRODUCT_NAME = "$(TARGET_NAME)";
				SWIFT_EMIT_LOC_STRINGS = YES;
				SWIFT_VERSION = 5.0;
				TARGETED_DEVICE_FAMILY = "1,2";
			};
			name = Release;
		};
/* End XCBuildConfiguration section */

/* Begin XCConfigurationList section */
		34FC1E4A2A4C811300FD627B /* Build configuration list for PBXProject "FitApp" */ = {
			isa = XCConfigurationList;
			buildConfigurations = (
				34FC1E612A4C811500FD627B /* Debug */,
				34FC1E622A4C811500FD627B /* Release */,
			);
			defaultConfigurationIsVisible = 0;
			defaultConfigurationName = Release;
		};
		34FC1E632A4C811500FD627B /* Build configuration list for PBXNativeTarget "FitApp" */ = {
			isa = XCConfigurationList;
			buildConfigurations = (
				34FC1E642A4C811500FD627B /* Debug */,
				34FC1E652A4C811500FD627B /* Release */,
			);
			defaultConfigurationIsVisible = 0;
			defaultConfigurationName = Release;
		};
/* End XCConfigurationList section */
	};
	rootObject = 34FC1E472A4C811300FD627B /* Project object */;
}
